// !$*UTF8*$!
{
	archiveVersion = 1;
	classes = {
	};
	objectVersion = 50;
	objects = {

/* Begin PBXBuildFile section */
		089C4366232CEC5400740EE2 /* AppDelegate.swift in Sources */ = {isa = PBXBuildFile; fileRef = 089C4365232CEC5400740EE2 /* AppDelegate.swift */; };
		089C4368232CEC5400740EE2 /* ViewController.swift in Sources */ = {isa = PBXBuildFile; fileRef = 089C4367232CEC5400740EE2 /* ViewController.swift */; };
		089C436B232CEC5400740EE2 /* Main.storyboard in Resources */ = {isa = PBXBuildFile; fileRef = 089C4369232CEC5400740EE2 /* Main.storyboard */; };
		089C436E232CEC5400740EE2 /* RepositoriesList.xcdatamodeld in Sources */ = {isa = PBXBuildFile; fileRef = 089C436C232CEC5400740EE2 /* RepositoriesList.xcdatamodeld */; };
		089C4370232CEC5500740EE2 /* Assets.xcassets in Resources */ = {isa = PBXBuildFile; fileRef = 089C436F232CEC5500740EE2 /* Assets.xcassets */; };
		089C4373232CEC5500740EE2 /* LaunchScreen.storyboard in Resources */ = {isa = PBXBuildFile; fileRef = 089C4371232CEC5500740EE2 /* LaunchScreen.storyboard */; };
		089C437E232CEC5500740EE2 /* RepositoriesListTests.swift in Sources */ = {isa = PBXBuildFile; fileRef = 089C437D232CEC5500740EE2 /* RepositoriesListTests.swift */; };
		089C4389232CEC5500740EE2 /* RepositoriesListUITests.swift in Sources */ = {isa = PBXBuildFile; fileRef = 089C4388232CEC5500740EE2 /* RepositoriesListUITests.swift */; };
		089C4397232CEF0B00740EE2 /* CollectionViewDataSource.swift in Sources */ = {isa = PBXBuildFile; fileRef = 089C4396232CEF0B00740EE2 /* CollectionViewDataSource.swift */; };
		089C4399232CF27500740EE2 /* RepositoryCollectionViewCell.swift in Sources */ = {isa = PBXBuildFile; fileRef = 089C4398232CF27500740EE2 /* RepositoryCollectionViewCell.swift */; };
		089C439C232CF55500740EE2 /* Struct.swift in Sources */ = {isa = PBXBuildFile; fileRef = 089C439B232CF55500740EE2 /* Struct.swift */; };
		089C439E232CF6E400740EE2 /* HTTPRequestManager.swift in Sources */ = {isa = PBXBuildFile; fileRef = 089C439D232CF6E400740EE2 /* HTTPRequestManager.swift */; };
		089C43A0232D07C100740EE2 /* CollectionViewModel.swift in Sources */ = {isa = PBXBuildFile; fileRef = 089C439F232D07C100740EE2 /* CollectionViewModel.swift */; };
		089C43A2232D20AF00740EE2 /* DetailsUIViewController.swift in Sources */ = {isa = PBXBuildFile; fileRef = 089C43A1232D20AF00740EE2 /* DetailsUIViewController.swift */; };
/* End PBXBuildFile section */

/* Begin PBXContainerItemProxy section */
		089C437A232CEC5500740EE2 /* PBXContainerItemProxy */ = {
			isa = PBXContainerItemProxy;
			containerPortal = 089C435A232CEC5400740EE2 /* Project object */;
			proxyType = 1;
			remoteGlobalIDString = 089C4361232CEC5400740EE2;
			remoteInfo = RepositoriesList;
		};
		089C4385232CEC5500740EE2 /* PBXContainerItemProxy */ = {
			isa = PBXContainerItemProxy;
			containerPortal = 089C435A232CEC5400740EE2 /* Project object */;
			proxyType = 1;
			remoteGlobalIDString = 089C4361232CEC5400740EE2;
			remoteInfo = RepositoriesList;
		};
/* End PBXContainerItemProxy section */

/* Begin PBXFileReference section */
		089C4362232CEC5400740EE2 /* RepositoriesList.app */ = {isa = PBXFileReference; explicitFileType = wrapper.application; includeInIndex = 0; path = RepositoriesList.app; sourceTree = BUILT_PRODUCTS_DIR; };
		089C4365232CEC5400740EE2 /* AppDelegate.swift */ = {isa = PBXFileReference; lastKnownFileType = sourcecode.swift; path = AppDelegate.swift; sourceTree = "<group>"; };
		089C4367232CEC5400740EE2 /* ViewController.swift */ = {isa = PBXFileReference; lastKnownFileType = sourcecode.swift; path = ViewController.swift; sourceTree = "<group>"; };
		089C436A232CEC5400740EE2 /* Base */ = {isa = PBXFileReference; lastKnownFileType = file.storyboard; name = Base; path = Base.lproj/Main.storyboard; sourceTree = "<group>"; };
		089C436D232CEC5400740EE2 /* RepositoriesList.xcdatamodel */ = {isa = PBXFileReference; lastKnownFileType = wrapper.xcdatamodel; path = RepositoriesList.xcdatamodel; sourceTree = "<group>"; };
		089C436F232CEC5500740EE2 /* Assets.xcassets */ = {isa = PBXFileReference; lastKnownFileType = folder.assetcatalog; path = Assets.xcassets; sourceTree = "<group>"; };
		089C4372232CEC5500740EE2 /* Base */ = {isa = PBXFileReference; lastKnownFileType = file.storyboard; name = Base; path = Base.lproj/LaunchScreen.storyboard; sourceTree = "<group>"; };
		089C4374232CEC5500740EE2 /* Info.plist */ = {isa = PBXFileReference; lastKnownFileType = text.plist.xml; path = Info.plist; sourceTree = "<group>"; };
		089C4379232CEC5500740EE2 /* RepositoriesListTests.xctest */ = {isa = PBXFileReference; explicitFileType = wrapper.cfbundle; includeInIndex = 0; path = RepositoriesListTests.xctest; sourceTree = BUILT_PRODUCTS_DIR; };
		089C437D232CEC5500740EE2 /* RepositoriesListTests.swift */ = {isa = PBXFileReference; lastKnownFileType = sourcecode.swift; path = RepositoriesListTests.swift; sourceTree = "<group>"; };
		089C437F232CEC5500740EE2 /* Info.plist */ = {isa = PBXFileReference; lastKnownFileType = text.plist.xml; path = Info.plist; sourceTree = "<group>"; };
		089C4384232CEC5500740EE2 /* RepositoriesListUITests.xctest */ = {isa = PBXFileReference; explicitFileType = wrapper.cfbundle; includeInIndex = 0; path = RepositoriesListUITests.xctest; sourceTree = BUILT_PRODUCTS_DIR; };
		089C4388232CEC5500740EE2 /* RepositoriesListUITests.swift */ = {isa = PBXFileReference; lastKnownFileType = sourcecode.swift; path = RepositoriesListUITests.swift; sourceTree = "<group>"; };
		089C438A232CEC5500740EE2 /* Info.plist */ = {isa = PBXFileReference; lastKnownFileType = text.plist.xml; path = Info.plist; sourceTree = "<group>"; };
		089C4396232CEF0B00740EE2 /* CollectionViewDataSource.swift */ = {isa = PBXFileReference; lastKnownFileType = sourcecode.swift; path = CollectionViewDataSource.swift; sourceTree = "<group>"; };
		089C4398232CF27500740EE2 /* RepositoryCollectionViewCell.swift */ = {isa = PBXFileReference; lastKnownFileType = sourcecode.swift; path = RepositoryCollectionViewCell.swift; sourceTree = "<group>"; };
		089C439B232CF55500740EE2 /* Struct.swift */ = {isa = PBXFileReference; lastKnownFileType = sourcecode.swift; path = Struct.swift; sourceTree = "<group>"; };
		089C439D232CF6E400740EE2 /* HTTPRequestManager.swift */ = {isa = PBXFileReference; lastKnownFileType = sourcecode.swift; path = HTTPRequestManager.swift; sourceTree = "<group>"; };
		089C439F232D07C100740EE2 /* CollectionViewModel.swift */ = {isa = PBXFileReference; lastKnownFileType = sourcecode.swift; path = CollectionViewModel.swift; sourceTree = "<group>"; };
		089C43A1232D20AF00740EE2 /* DetailsUIViewController.swift */ = {isa = PBXFileReference; lastKnownFileType = sourcecode.swift; path = DetailsUIViewController.swift; sourceTree = "<group>"; };
/* End PBXFileReference section */

/* Begin PBXFrameworksBuildPhase section */
		089C435F232CEC5400740EE2 /* Frameworks */ = {
			isa = PBXFrameworksBuildPhase;
			buildActionMask = 2147483647;
			files = (
			);
			runOnlyForDeploymentPostprocessing = 0;
		};
		089C4376232CEC5500740EE2 /* Frameworks */ = {
			isa = PBXFrameworksBuildPhase;
			buildActionMask = 2147483647;
			files = (
			);
			runOnlyForDeploymentPostprocessing = 0;
		};
		089C4381232CEC5500740EE2 /* Frameworks */ = {
			isa = PBXFrameworksBuildPhase;
			buildActionMask = 2147483647;
			files = (
			);
			runOnlyForDeploymentPostprocessing = 0;
		};
/* End PBXFrameworksBuildPhase section */

/* Begin PBXGroup section */
		089C4359232CEC5400740EE2 = {
			isa = PBXGroup;
			children = (
				089C4364232CEC5400740EE2 /* RepositoriesList */,
				089C437C232CEC5500740EE2 /* RepositoriesListTests */,
				089C4387232CEC5500740EE2 /* RepositoriesListUITests */,
				089C4363232CEC5400740EE2 /* Products */,
			);
			sourceTree = "<group>";
		};
		089C4363232CEC5400740EE2 /* Products */ = {
			isa = PBXGroup;
			children = (
				089C4362232CEC5400740EE2 /* RepositoriesList.app */,
				089C4379232CEC5500740EE2 /* RepositoriesListTests.xctest */,
				089C4384232CEC5500740EE2 /* RepositoriesListUITests.xctest */,
			);
			name = Products;
			sourceTree = "<group>";
		};
		089C4364232CEC5400740EE2 /* RepositoriesList */ = {
			isa = PBXGroup;
			children = (
				089C4365232CEC5400740EE2 /* AppDelegate.swift */,
				089C4367232CEC5400740EE2 /* ViewController.swift */,
				089C4369232CEC5400740EE2 /* Main.storyboard */,
				089C436F232CEC5500740EE2 /* Assets.xcassets */,
				089C4371232CEC5500740EE2 /* LaunchScreen.storyboard */,
				089C4374232CEC5500740EE2 /* Info.plist */,
				089C436C232CEC5400740EE2 /* RepositoriesList.xcdatamodeld */,
				089C439A232CF27C00740EE2 /* CollectionView */,
				089C439B232CF55500740EE2 /* Struct.swift */,
				089C439D232CF6E400740EE2 /* HTTPRequestManager.swift */,
				089C439F232D07C100740EE2 /* CollectionViewModel.swift */,
				089C43A1232D20AF00740EE2 /* DetailsUIViewController.swift */,
			);
			path = RepositoriesList;
			sourceTree = "<group>";
		};
		089C437C232CEC5500740EE2 /* RepositoriesListTests */ = {
			isa = PBXGroup;
			children = (
				089C437D232CEC5500740EE2 /* RepositoriesListTests.swift */,
				089C437F232CEC5500740EE2 /* Info.plist */,
			);
			path = RepositoriesListTests;
			sourceTree = "<group>";
		};
		089C4387232CEC5500740EE2 /* RepositoriesListUITests */ = {
			isa = PBXGroup;
			children = (
				089C4388232CEC5500740EE2 /* RepositoriesListUITests.swift */,
				089C438A232CEC5500740EE2 /* Info.plist */,
			);
			path = RepositoriesListUITests;
			sourceTree = "<group>";
		};
		089C439A232CF27C00740EE2 /* CollectionView */ = {
			isa = PBXGroup;
			children = (
				089C4396232CEF0B00740EE2 /* CollectionViewDataSource.swift */,
				089C4398232CF27500740EE2 /* RepositoryCollectionViewCell.swift */,
			);
			path = CollectionView;
			sourceTree = "<group>";
		};
/* End PBXGroup section */

/* Begin PBXNativeTarget section */
		089C4361232CEC5400740EE2 /* RepositoriesList */ = {
			isa = PBXNativeTarget;
			buildConfigurationList = 089C438D232CEC5500740EE2 /* Build configuration list for PBXNativeTarget "RepositoriesList" */;
			buildPhases = (
				089C435E232CEC5400740EE2 /* Sources */,
				089C435F232CEC5400740EE2 /* Frameworks */,
				089C4360232CEC5400740EE2 /* Resources */,
			);
			buildRules = (
			);
			dependencies = (
			);
			name = RepositoriesList;
			productName = RepositoriesList;
			productReference = 089C4362232CEC5400740EE2 /* RepositoriesList.app */;
			productType = "com.apple.product-type.application";
		};
		089C4378232CEC5500740EE2 /* RepositoriesListTests */ = {
			isa = PBXNativeTarget;
			buildConfigurationList = 089C4390232CEC5500740EE2 /* Build configuration list for PBXNativeTarget "RepositoriesListTests" */;
			buildPhases = (
				089C4375232CEC5500740EE2 /* Sources */,
				089C4376232CEC5500740EE2 /* Frameworks */,
				089C4377232CEC5500740EE2 /* Resources */,
			);
			buildRules = (
			);
			dependencies = (
				089C437B232CEC5500740EE2 /* PBXTargetDependency */,
			);
			name = RepositoriesListTests;
			productName = RepositoriesListTests;
			productReference = 089C4379232CEC5500740EE2 /* RepositoriesListTests.xctest */;
			productType = "com.apple.product-type.bundle.unit-test";
		};
		089C4383232CEC5500740EE2 /* RepositoriesListUITests */ = {
			isa = PBXNativeTarget;
			buildConfigurationList = 089C4393232CEC5500740EE2 /* Build configuration list for PBXNativeTarget "RepositoriesListUITests" */;
			buildPhases = (
				089C4380232CEC5500740EE2 /* Sources */,
				089C4381232CEC5500740EE2 /* Frameworks */,
				089C4382232CEC5500740EE2 /* Resources */,
			);
			buildRules = (
			);
			dependencies = (
				089C4386232CEC5500740EE2 /* PBXTargetDependency */,
			);
			name = RepositoriesListUITests;
			productName = RepositoriesListUITests;
			productReference = 089C4384232CEC5500740EE2 /* RepositoriesListUITests.xctest */;
			productType = "com.apple.product-type.bundle.ui-testing";
		};
/* End PBXNativeTarget section */

/* Begin PBXProject section */
		089C435A232CEC5400740EE2 /* Project object */ = {
			isa = PBXProject;
			attributes = {
				LastSwiftUpdateCheck = 1030;
				LastUpgradeCheck = 1030;
				ORGANIZATIONNAME = "Daniele Rapali";
				TargetAttributes = {
					089C4361232CEC5400740EE2 = {
						CreatedOnToolsVersion = 10.3;
					};
					089C4378232CEC5500740EE2 = {
						CreatedOnToolsVersion = 10.3;
						TestTargetID = 089C4361232CEC5400740EE2;
					};
					089C4383232CEC5500740EE2 = {
						CreatedOnToolsVersion = 10.3;
						TestTargetID = 089C4361232CEC5400740EE2;
					};
				};
			};
			buildConfigurationList = 089C435D232CEC5400740EE2 /* Build configuration list for PBXProject "RepositoriesList" */;
			compatibilityVersion = "Xcode 9.3";
			developmentRegion = en;
			hasScannedForEncodings = 0;
			knownRegions = (
				en,
				Base,
			);
			mainGroup = 089C4359232CEC5400740EE2;
			productRefGroup = 089C4363232CEC5400740EE2 /* Products */;
			projectDirPath = "";
			projectRoot = "";
			targets = (
				089C4361232CEC5400740EE2 /* RepositoriesList */,
				089C4378232CEC5500740EE2 /* RepositoriesListTests */,
				089C4383232CEC5500740EE2 /* RepositoriesListUITests */,
			);
		};
/* End PBXProject section */

/* Begin PBXResourcesBuildPhase section */
		089C4360232CEC5400740EE2 /* Resources */ = {
			isa = PBXResourcesBuildPhase;
			buildActionMask = 2147483647;
			files = (
				089C4373232CEC5500740EE2 /* LaunchScreen.storyboard in Resources */,
				089C4370232CEC5500740EE2 /* Assets.xcassets in Resources */,
				089C436B232CEC5400740EE2 /* Main.storyboard in Resources */,
			);
			runOnlyForDeploymentPostprocessing = 0;
		};
		089C4377232CEC5500740EE2 /* Resources */ = {
			isa = PBXResourcesBuildPhase;
			buildActionMask = 2147483647;
			files = (
			);
			runOnlyForDeploymentPostprocessing = 0;
		};
		089C4382232CEC5500740EE2 /* Resources */ = {
			isa = PBXResourcesBuildPhase;
			buildActionMask = 2147483647;
			files = (
			);
			runOnlyForDeploymentPostprocessing = 0;
		};
/* End PBXResourcesBuildPhase section */

/* Begin PBXSourcesBuildPhase section */
		089C435E232CEC5400740EE2 /* Sources */ = {
			isa = PBXSourcesBuildPhase;
			buildActionMask = 2147483647;
			files = (
				089C439C232CF55500740EE2 /* Struct.swift in Sources */,
				089C4368232CEC5400740EE2 /* ViewController.swift in Sources */,
				089C4366232CEC5400740EE2 /* AppDelegate.swift in Sources */,
				089C436E232CEC5400740EE2 /* RepositoriesList.xcdatamodeld in Sources */,
				089C43A0232D07C100740EE2 /* CollectionViewModel.swift in Sources */,
				089C4399232CF27500740EE2 /* RepositoryCollectionViewCell.swift in Sources */,
				089C439E232CF6E400740EE2 /* HTTPRequestManager.swift in Sources */,
				089C43A2232D20AF00740EE2 /* DetailsUIViewController.swift in Sources */,
				089C4397232CEF0B00740EE2 /* CollectionViewDataSource.swift in Sources */,
			);
			runOnlyForDeploymentPostprocessing = 0;
		};
		089C4375232CEC5500740EE2 /* Sources */ = {
			isa = PBXSourcesBuildPhase;
			buildActionMask = 2147483647;
			files = (
				089C437E232CEC5500740EE2 /* RepositoriesListTests.swift in Sources */,
			);
			runOnlyForDeploymentPostprocessing = 0;
		};
		089C4380232CEC5500740EE2 /* Sources */ = {
			isa = PBXSourcesBuildPhase;
			buildActionMask = 2147483647;
			files = (
				089C4389232CEC5500740EE2 /* RepositoriesListUITests.swift in Sources */,
			);
			runOnlyForDeploymentPostprocessing = 0;
		};
/* End PBXSourcesBuildPhase section */

/* Begin PBXTargetDependency section */
		089C437B232CEC5500740EE2 /* PBXTargetDependency */ = {
			isa = PBXTargetDependency;
			target = 089C4361232CEC5400740EE2 /* RepositoriesList */;
			targetProxy = 089C437A232CEC5500740EE2 /* PBXContainerItemProxy */;
		};
		089C4386232CEC5500740EE2 /* PBXTargetDependency */ = {
			isa = PBXTargetDependency;
			target = 089C4361232CEC5400740EE2 /* RepositoriesList */;
			targetProxy = 089C4385232CEC5500740EE2 /* PBXContainerItemProxy */;
		};
/* End PBXTargetDependency section */

/* Begin PBXVariantGroup section */
		089C4369232CEC5400740EE2 /* Main.storyboard */ = {
			isa = PBXVariantGroup;
			children = (
				089C436A232CEC5400740EE2 /* Base */,
			);
			name = Main.storyboard;
			sourceTree = "<group>";
		};
		089C4371232CEC5500740EE2 /* LaunchScreen.storyboard */ = {
			isa = PBXVariantGroup;
			children = (
				089C4372232CEC5500740EE2 /* Base */,
			);
			name = LaunchScreen.storyboard;
			sourceTree = "<group>";
		};
/* End PBXVariantGroup section */

/* Begin XCBuildConfiguration section */
		089C438B232CEC5500740EE2 /* Debug */ = {
			isa = XCBuildConfiguration;
			buildSettings = {
				ALWAYS_SEARCH_USER_PATHS = NO;
				CLANG_ANALYZER_NONNULL = YES;
				CLANG_ANALYZER_NUMBER_OBJECT_CONVERSION = YES_AGGRESSIVE;
				CLANG_CXX_LANGUAGE_STANDARD = "gnu++14";
				CLANG_CXX_LIBRARY = "libc++";
				CLANG_ENABLE_MODULES = YES;
				CLANG_ENABLE_OBJC_ARC = YES;
				CLANG_ENABLE_OBJC_WEAK = YES;
				CLANG_WARN_BLOCK_CAPTURE_AUTORELEASING = YES;
				CLANG_WARN_BOOL_CONVERSION = YES;
				CLANG_WARN_COMMA = YES;
				CLANG_WARN_CONSTANT_CONVERSION = YES;
				CLANG_WARN_DEPRECATED_OBJC_IMPLEMENTATIONS = YES;
				CLANG_WARN_DIRECT_OBJC_ISA_USAGE = YES_ERROR;
				CLANG_WARN_DOCUMENTATION_COMMENTS = YES;
				CLANG_WARN_EMPTY_BODY = YES;
				CLANG_WARN_ENUM_CONVERSION = YES;
				CLANG_WARN_INFINITE_RECURSION = YES;
				CLANG_WARN_INT_CONVERSION = YES;
				CLANG_WARN_NON_LITERAL_NULL_CONVERSION = YES;
				CLANG_WARN_OBJC_IMPLICIT_RETAIN_SELF = YES;
				CLANG_WARN_OBJC_LITERAL_CONVERSION = YES;
				CLANG_WARN_OBJC_ROOT_CLASS = YES_ERROR;
				CLANG_WARN_RANGE_LOOP_ANALYSIS = YES;
				CLANG_WARN_STRICT_PROTOTYPES = YES;
				CLANG_WARN_SUSPICIOUS_MOVE = YES;
				CLANG_WARN_UNGUARDED_AVAILABILITY = YES_AGGRESSIVE;
				CLANG_WARN_UNREACHABLE_CODE = YES;
				CLANG_WARN__DUPLICATE_METHOD_MATCH = YES;
				CODE_SIGN_IDENTITY = "iPhone Developer";
				COPY_PHASE_STRIP = NO;
				DEBUG_INFORMATION_FORMAT = dwarf;
				ENABLE_STRICT_OBJC_MSGSEND = YES;
				ENABLE_TESTABILITY = YES;
				GCC_C_LANGUAGE_STANDARD = gnu11;
				GCC_DYNAMIC_NO_PIC = NO;
				GCC_NO_COMMON_BLOCKS = YES;
				GCC_OPTIMIZATION_LEVEL = 0;
				GCC_PREPROCESSOR_DEFINITIONS = (
					"DEBUG=1",
					"$(inherited)",
				);
				GCC_WARN_64_TO_32_BIT_CONVERSION = YES;
				GCC_WARN_ABOUT_RETURN_TYPE = YES_ERROR;
				GCC_WARN_UNDECLARED_SELECTOR = YES;
				GCC_WARN_UNINITIALIZED_AUTOS = YES_AGGRESSIVE;
				GCC_WARN_UNUSED_FUNCTION = YES;
				GCC_WARN_UNUSED_VARIABLE = YES;
				IPHONEOS_DEPLOYMENT_TARGET = 12.4;
				MTL_ENABLE_DEBUG_INFO = INCLUDE_SOURCE;
				MTL_FAST_MATH = YES;
				ONLY_ACTIVE_ARCH = YES;
				SDKROOT = iphoneos;
				SWIFT_ACTIVE_COMPILATION_CONDITIONS = DEBUG;
				SWIFT_OPTIMIZATION_LEVEL = "-Onone";
			};
			name = Debug;
		};
		089C438C232CEC5500740EE2 /* Release */ = {
			isa = XCBuildConfiguration;
			buildSettings = {
				ALWAYS_SEARCH_USER_PATHS = NO;
				CLANG_ANALYZER_NONNULL = YES;
				CLANG_ANALYZER_NUMBER_OBJECT_CONVERSION = YES_AGGRESSIVE;
				CLANG_CXX_LANGUAGE_STANDARD = "gnu++14";
				CLANG_CXX_LIBRARY = "libc++";
				CLANG_ENABLE_MODULES = YES;
				CLANG_ENABLE_OBJC_ARC = YES;
				CLANG_ENABLE_OBJC_WEAK = YES;
				CLANG_WARN_BLOCK_CAPTURE_AUTORELEASING = YES;
				CLANG_WARN_BOOL_CONVERSION = YES;
				CLANG_WARN_COMMA = YES;
				CLANG_WARN_CONSTANT_CONVERSION = YES;
				CLANG_WARN_DEPRECATED_OBJC_IMPLEMENTATIONS = YES;
				CLANG_WARN_DIRECT_OBJC_ISA_USAGE = YES_ERROR;
				CLANG_WARN_DOCUMENTATION_COMMENTS = YES;
				CLANG_WARN_EMPTY_BODY = YES;
				CLANG_WARN_ENUM_CONVERSION = YES;
				CLANG_WARN_INFINITE_RECURSION = YES;
				CLANG_WARN_INT_CONVERSION = YES;
				CLANG_WARN_NON_LITERAL_NULL_CONVERSION = YES;
				CLANG_WARN_OBJC_IMPLICIT_RETAIN_SELF = YES;
				CLANG_WARN_OBJC_LITERAL_CONVERSION = YES;
				CLANG_WARN_OBJC_ROOT_CLASS = YES_ERROR;
				CLANG_WARN_RANGE_LOOP_ANALYSIS = YES;
				CLANG_WARN_STRICT_PROTOTYPES = YES;
				CLANG_WARN_SUSPICIOUS_MOVE = YES;
				CLANG_WARN_UNGUARDED_AVAILABILITY = YES_AGGRESSIVE;
				CLANG_WARN_UNREACHABLE_CODE = YES;
				CLANG_WARN__DUPLICATE_METHOD_MATCH = YES;
				CODE_SIGN_IDENTITY = "iPhone Developer";
				COPY_PHASE_STRIP = NO;
				DEBUG_INFORMATION_FORMAT = "dwarf-with-dsym";
				ENABLE_NS_ASSERTIONS = NO;
				ENABLE_STRICT_OBJC_MSGSEND = YES;
				GCC_C_LANGUAGE_STANDARD = gnu11;
				GCC_NO_COMMON_BLOCKS = YES;
				GCC_WARN_64_TO_32_BIT_CONVERSION = YES;
				GCC_WARN_ABOUT_RETURN_TYPE = YES_ERROR;
				GCC_WARN_UNDECLARED_SELECTOR = YES;
				GCC_WARN_UNINITIALIZED_AUTOS = YES_AGGRESSIVE;
				GCC_WARN_UNUSED_FUNCTION = YES;
				GCC_WARN_UNUSED_VARIABLE = YES;
				IPHONEOS_DEPLOYMENT_TARGET = 12.4;
				MTL_ENABLE_DEBUG_INFO = NO;
				MTL_FAST_MATH = YES;
				SDKROOT = iphoneos;
				SWIFT_COMPILATION_MODE = wholemodule;
				SWIFT_OPTIMIZATION_LEVEL = "-O";
				VALIDATE_PRODUCT = YES;
			};
			name = Release;
		};
		089C438E232CEC5500740EE2 /* Debug */ = {
			isa = XCBuildConfiguration;
			buildSettings = {
				ASSETCATALOG_COMPILER_APPICON_NAME = AppIcon;
				CODE_SIGN_STYLE = Automatic;
				INFOPLIST_FILE = RepositoriesList/Info.plist;
				LD_RUNPATH_SEARCH_PATHS = (
					"$(inherited)",
					"@executable_path/Frameworks",
				);
				PRODUCT_BUNDLE_IDENTIFIER = com.RepositoriesList;
				PRODUCT_NAME = "$(TARGET_NAME)";
				SWIFT_VERSION = 5.0;
				TARGETED_DEVICE_FAMILY = "1,2";
			};
			name = Debug;
		};
		089C438F232CEC5500740EE2 /* Release */ = {
			isa = XCBuildConfiguration;
			buildSettings = {
				ASSETCATALOG_COMPILER_APPICON_NAME = AppIcon;
				CODE_SIGN_STYLE = Automatic;
				INFOPLIST_FILE = RepositoriesList/Info.plist;
				LD_RUNPATH_SEARCH_PATHS = (
					"$(inherited)",
					"@executable_path/Frameworks",
				);
				PRODUCT_BUNDLE_IDENTIFIER = com.RepositoriesList;
				PRODUCT_NAME = "$(TARGET_NAME)";
				SWIFT_VERSION = 5.0;
				TARGETED_DEVICE_FAMILY = "1,2";
			};
			name = Release;
		};
		089C4391232CEC5500740EE2 /* Debug */ = {
			isa = XCBuildConfiguration;
			buildSettings = {
				ALWAYS_EMBED_SWIFT_STANDARD_LIBRARIES = YES;
				BUNDLE_LOADER = "$(TEST_HOST)";
				CODE_SIGN_STYLE = Automatic;
				INFOPLIST_FILE = RepositoriesListTests/Info.plist;
				LD_RUNPATH_SEARCH_PATHS = (
					"$(inherited)",
					"@executable_path/Frameworks",
					"@loader_path/Frameworks",
				);
				PRODUCT_BUNDLE_IDENTIFIER = com.RepositoriesListTests;
				PRODUCT_NAME = "$(TARGET_NAME)";
				SWIFT_VERSION = 5.0;
				TARGETED_DEVICE_FAMILY = "1,2";
				TEST_HOST = "$(BUILT_PRODUCTS_DIR)/RepositoriesList.app/RepositoriesList";
			};
			name = Debug;
		};
		089C4392232CEC5500740EE2 /* Release */ = {
			isa = XCBuildConfiguration;
			buildSettings = {
				ALWAYS_EMBED_SWIFT_STANDARD_LIBRARIES = YES;
				BUNDLE_LOADER = "$(TEST_HOST)";
				CODE_SIGN_STYLE = Automatic;
				INFOPLIST_FILE = RepositoriesListTests/Info.plist;
				LD_RUNPATH_SEARCH_PATHS = (
					"$(inherited)",
					"@executable_path/Frameworks",
					"@loader_path/Frameworks",
				);
				PRODUCT_BUNDLE_IDENTIFIER = com.RepositoriesListTests;
				PRODUCT_NAME = "$(TARGET_NAME)";
				SWIFT_VERSION = 5.0;
				TARGETED_DEVICE_FAMILY = "1,2";
				TEST_HOST = "$(BUILT_PRODUCTS_DIR)/RepositoriesList.app/RepositoriesList";
			};
			name = Release;
		};
		089C4394232CEC5500740EE2 /* Debug */ = {
			isa = XCBuildConfiguration;
			buildSettings = {
				ALWAYS_EMBED_SWIFT_STANDARD_LIBRARIES = YES;
				CODE_SIGN_STYLE = Automatic;
				INFOPLIST_FILE = RepositoriesListUITests/Info.plist;
				LD_RUNPATH_SEARCH_PATHS = (
					"$(inherited)",
					"@executable_path/Frameworks",
					"@loader_path/Frameworks",
				);
				PRODUCT_BUNDLE_IDENTIFIER = com.RepositoriesListUITests;
				PRODUCT_NAME = "$(TARGET_NAME)";
				SWIFT_VERSION = 5.0;
				TARGETED_DEVICE_FAMILY = "1,2";
				TEST_TARGET_NAME = RepositoriesList;
			};
			name = Debug;
		};
		089C4395232CEC5500740EE2 /* Release */ = {
			isa = XCBuildConfiguration;
			buildSettings = {
				ALWAYS_EMBED_SWIFT_STANDARD_LIBRARIES = YES;
				CODE_SIGN_STYLE = Automatic;
				INFOPLIST_FILE = RepositoriesListUITests/Info.plist;
				LD_RUNPATH_SEARCH_PATHS = (
					"$(inherited)",
					"@executable_path/Frameworks",
					"@loader_path/Frameworks",
				);
				PRODUCT_BUNDLE_IDENTIFIER = com.RepositoriesListUITests;
				PRODUCT_NAME = "$(TARGET_NAME)";
				SWIFT_VERSION = 5.0;
				TARGETED_DEVICE_FAMILY = "1,2";
				TEST_TARGET_NAME = RepositoriesList;
			};
			name = Release;
		};
/* End XCBuildConfiguration section */

/* Begin XCConfigurationList section */
		089C435D232CEC5400740EE2 /* Build configuration list for PBXProject "RepositoriesList" */ = {
			isa = XCConfigurationList;
			buildConfigurations = (
				089C438B232CEC5500740EE2 /* Debug */,
				089C438C232CEC5500740EE2 /* Release */,
			);
			defaultConfigurationIsVisible = 0;
			defaultConfigurationName = Release;
		};
		089C438D232CEC5500740EE2 /* Build configuration list for PBXNativeTarget "RepositoriesList" */ = {
			isa = XCConfigurationList;
			buildConfigurations = (
				089C438E232CEC5500740EE2 /* Debug */,
				089C438F232CEC5500740EE2 /* Release */,
			);
			defaultConfigurationIsVisible = 0;
			defaultConfigurationName = Release;
		};
		089C4390232CEC5500740EE2 /* Build configuration list for PBXNativeTarget "RepositoriesListTests" */ = {
			isa = XCConfigurationList;
			buildConfigurations = (
				089C4391232CEC5500740EE2 /* Debug */,
				089C4392232CEC5500740EE2 /* Release */,
			);
			defaultConfigurationIsVisible = 0;
			defaultConfigurationName = Release;
		};
		089C4393232CEC5500740EE2 /* Build configuration list for PBXNativeTarget "RepositoriesListUITests" */ = {
			isa = XCConfigurationList;
			buildConfigurations = (
				089C4394232CEC5500740EE2 /* Debug */,
				089C4395232CEC5500740EE2 /* Release */,
			);
			defaultConfigurationIsVisible = 0;
			defaultConfigurationName = Release;
		};
/* End XCConfigurationList section */

/* Begin XCVersionGroup section */
		089C436C232CEC5400740EE2 /* RepositoriesList.xcdatamodeld */ = {
			isa = XCVersionGroup;
			children = (
				089C436D232CEC5400740EE2 /* RepositoriesList.xcdatamodel */,
			);
			currentVersion = 089C436D232CEC5400740EE2 /* RepositoriesList.xcdatamodel */;
			path = RepositoriesList.xcdatamodeld;
			sourceTree = "<group>";
			versionGroupType = wrapper.xcdatamodel;
		};
/* End XCVersionGroup section */
	};
	rootObject = 089C435A232CEC5400740EE2 /* Project object */;
}
